
Microsoft Visual Studio Solution File, Format Version 12.00
# Visual Studio 2012
Project("{FAE04EC0-301F-11D3-BF4B-00C04F79EFBC}") = "SharePointTutorial", "SharePointTutorial\SharePointTutorial.csproj", "{444BE3A1-B386-491C-B9D3-85E279499D62}"
EndProject
Project("{FAE04EC0-301F-11D3-BF4B-00C04F79EFBC}") = "Client", "Client\Client.csproj", "{7362D6A3-93AE-4859-8C07-6A420C69A82D}"
EndProject
Project("{FAE04EC0-301F-11D3-BF4B-00C04F79EFBC}") = "Server", "Server\Server.csproj", "{8A470A03-DACA-42F5-944C-4C2DF483DFAE}"
EndProject
Global
	GlobalSection(SolutionConfigurationPlatforms) = preSolution
		Debug|Any CPU = Debug|Any CPU
		Release|Any CPU = Release|Any CPU
	EndGlobalSection
	GlobalSection(ProjectConfigurationPlatforms) = postSolution
		{444BE3A1-B386-491C-B9D3-85E279499D62}.Debug|Any CPU.ActiveCfg = Debug|Any CPU
		{444BE3A1-B386-491C-B9D3-85E279499D62}.Debug|Any CPU.Build.0 = Debug|Any CPU
		{444BE3A1-B386-491C-B9D3-85E279499D62}.Debug|Any CPU.Deploy.0 = Debug|Any CPU
		{444BE3A1-B386-491C-B9D3-85E279499D62}.Release|Any CPU.ActiveCfg = Release|Any CPU
		{444BE3A1-B386-491C-B9D3-85E279499D62}.Release|Any CPU.Build.0 = Release|Any CPU
		{444BE3A1-B386-491C-B9D3-85E279499D62}.Release|Any CPU.Deploy.0 = Release|Any CPU
		{7362D6A3-93AE-4859-8C07-6A420C69A82D}.Debug|Any CPU.ActiveCfg = Debug|Any CPU
		{7362D6A3-93AE-4859-8C07-6A420C69A82D}.Debug|Any CPU.Build.0 = Debug|Any CPU
		{7362D6A3-93AE-4859-8C07-6A420C69A82D}.Release|Any CPU.ActiveCfg = Release|Any CPU
		{7362D6A3-93AE-4859-8C07-6A420C69A82D}.Release|Any CPU.Build.0 = Release|Any CPU
		{8A470A03-DACA-42F5-944C-4C2DF483DFAE}.Debug|Any CPU.ActiveCfg = Debug|Any CPU
		{8A470A03-DACA-42F5-944C-4C2DF483DFAE}.Debug|Any CPU.Build.0 = Debug|Any CPU
		{8A470A03-DACA-42F5-944C-4C2DF483DFAE}.Release|Any CPU.ActiveCfg = Release|Any CPU
		{8A470A03-DACA-42F5-944C-4C2DF483DFAE}.Release|Any CPU.Build.0 = Release|Any CPU
	EndGlobalSection
	GlobalSection(SolutionProperties) = preSolution
		HideSolutionNode = FALSE
	EndGlobalSection
EndGlobal
